{
  "name": "AwesomeProject",
  "version": "0.1.0",
  "lockfileVersion": 1,
  "requires": true,
  "dependencies": {
    "base-64": {
      "version": "0.1.0",
      "resolved": "https://registry.npmjs.org/base-64/-/base-64-0.1.0.tgz",
      "integrity": "sha1-eAqZyE59YAJgNhURxId2E78k9rs="
    },
    "react-native-fs": {
      "version": "2.9.12",
      "resolved": "https://registry.npmjs.org/react-native-fs/-/react-native-fs-2.9.12.tgz",
      "integrity": "sha512-kppfQwMEmEerP9KImdzRi49ko0pmZtzHzIhpDSkjQVrpTPG7AEzYxdAqapaDveHM8CcN6tzqmiljrueqlBr1VA==",
      "requires": {
        "base-64": "0.1.0",
        "utf8": "2.1.2"
      }
    },
    "utf8": {
      "version": "2.1.2",
      "resolved": "https://registry.npmjs.org/utf8/-/utf8-2.1.2.tgz",
      "integrity": "sha1-H6DZJw6b6FDZsFAn9jUZv0ZFfZY="
    }
  }
}
